// !$*UTF8*$!
{
	archiveVersion = 1;
	classes = {
	};
	objectVersion = 56;
	objects = {

/* Begin PBXBuildFile section */
		2E62E9322C3D93AC006C05AE /* Hello6View.storyboard in Resources */ = {isa = PBXBuildFile; fileRef = 2E62E9312C3D93AC006C05AE /* Hello6View.storyboard */; };
		2E62E9342C3D99BD006C05AE /* Hello6ViewController.swift in Sources */ = {isa = PBXBuildFile; fileRef = 2E62E9332C3D99BD006C05AE /* Hello6ViewController.swift */; };
		2E62E9372C3EEC7A006C05AE /* SNSView.storyboard in Resources */ = {isa = PBXBuildFile; fileRef = 2E62E9362C3EEC7A006C05AE /* SNSView.storyboard */; };
		2E62E9392C3EEC95006C05AE /* SNSViewController.swift in Sources */ = {isa = PBXBuildFile; fileRef = 2E62E9382C3EEC95006C05AE /* SNSViewController.swift */; };
		2E62E93C2C3F05C2006C05AE /* CameraViewController.swift in Sources */ = {isa = PBXBuildFile; fileRef = 2E62E93B2C3F05C2006C05AE /* CameraViewController.swift */; };
		2E62E93E2C3F05CA006C05AE /* CameraView.storyboard in Resources */ = {isa = PBXBuildFile; fileRef = 2E62E93D2C3F05CA006C05AE /* CameraView.storyboard */; };
		2EAC3D1C2C2744B5008459E5 /* Sc1.storyboard in Resources */ = {isa = PBXBuildFile; fileRef = 2EAC3D1B2C2744B5008459E5 /* Sc1.storyboard */; };
		2EAC3D1E2C2744C5008459E5 /* Sc2.storyboard in Resources */ = {isa = PBXBuildFile; fileRef = 2EAC3D1D2C2744C5008459E5 /* Sc2.storyboard */; };
		2EB98C942C16F0C5002A69D9 /* AppDelegate.swift in Sources */ = {isa = PBXBuildFile; fileRef = 2EB98C932C16F0C5002A69D9 /* AppDelegate.swift */; };
		2EB98C962C16F0C5002A69D9 /* SceneDelegate.swift in Sources */ = {isa = PBXBuildFile; fileRef = 2EB98C952C16F0C5002A69D9 /* SceneDelegate.swift */; };
		2EB98C982C16F0C5002A69D9 /* ViewController.swift in Sources */ = {isa = PBXBuildFile; fileRef = 2EB98C972C16F0C5002A69D9 /* ViewController.swift */; };
		2EB98C9B2C16F0C5002A69D9 /* Base in Resources */ = {isa = PBXBuildFile; fileRef = 2EB98C9A2C16F0C5002A69D9 /* Base */; };
		2EB98C9D2C16F0C6002A69D9 /* Assets.xcassets in Resources */ = {isa = PBXBuildFile; fileRef = 2EB98C9C2C16F0C6002A69D9 /* Assets.xcassets */; };
		2EB98CA02C16F0C6002A69D9 /* Base in Resources */ = {isa = PBXBuildFile; fileRef = 2EB98C9F2C16F0C6002A69D9 /* Base */; };
		2ED870A32C46C4F100DF7BB9 /* TableViewController.swift in Sources */ = {isa = PBXBuildFile; fileRef = 2ED870A22C46C4F100DF7BB9 /* TableViewController.swift */; };
		2ED870A52C46C4FD00DF7BB9 /* TableView.storyboard in Resources */ = {isa = PBXBuildFile; fileRef = 2ED870A42C46C4FD00DF7BB9 /* TableView.storyboard */; };
		2ED870A72C48F7F000DF7BB9 /* QuizView.storyboard in Resources */ = {isa = PBXBuildFile; fileRef = 2ED870A62C48F7F000DF7BB9 /* QuizView.storyboard */; };
		2ED870A92C48F7F800DF7BB9 /* QuizViewController.swift in Sources */ = {isa = PBXBuildFile; fileRef = 2ED870A82C48F7F800DF7BB9 /* QuizViewController.swift */; };
		2EF254F12C2B287600A7A54B /* Main.storyboard in Resources */ = {isa = PBXBuildFile; fileRef = 2EF254F02C2B287600A7A54B /* Main.storyboard */; };
		2EF254F42C2D965000A7A54B /* ScrollNavigation.storyboard in Resources */ = {isa = PBXBuildFile; fileRef = 2EF254F32C2D965000A7A54B /* ScrollNavigation.storyboard */; };
		2EF254FE2C30249E00A7A54B /* StackView.storyboard in Resources */ = {isa = PBXBuildFile; fileRef = 2EF254FD2C30249E00A7A54B /* StackView.storyboard */; };
/* End PBXBuildFile section */

/* Begin PBXFileReference section */
		2E62E9312C3D93AC006C05AE /* Hello6View.storyboard */ = {isa = PBXFileReference; lastKnownFileType = file.storyboard; path = Hello6View.storyboard; sourceTree = "<group>"; };
		2E62E9332C3D99BD006C05AE /* Hello6ViewController.swift */ = {isa = PBXFileReference; lastKnownFileType = sourcecode.swift; path = Hello6ViewController.swift; sourceTree = "<group>"; };
		2E62E9362C3EEC7A006C05AE /* SNSView.storyboard */ = {isa = PBXFileReference; lastKnownFileType = file.storyboard; path = SNSView.storyboard; sourceTree = "<group>"; };
		2E62E9382C3EEC95006C05AE /* SNSViewController.swift */ = {isa = PBXFileReference; lastKnownFileType = sourcecode.swift; path = SNSViewController.swift; sourceTree = "<group>"; };
		2E62E93B2C3F05C2006C05AE /* CameraViewController.swift */ = {isa = PBXFileReference; lastKnownFileType = sourcecode.swift; path = CameraViewController.swift; sourceTree = "<group>"; };
		2E62E93D2C3F05CA006C05AE /* CameraView.storyboard */ = {isa = PBXFileReference; lastKnownFileType = file.storyboard; path = CameraView.storyboard; sourceTree = "<group>"; };
		2EAC3D1B2C2744B5008459E5 /* Sc1.storyboard */ = {isa = PBXFileReference; lastKnownFileType = file.storyboard; path = Sc1.storyboard; sourceTree = "<group>"; };
		2EAC3D1D2C2744C5008459E5 /* Sc2.storyboard */ = {isa = PBXFileReference; lastKnownFileType = file.storyboard; path = Sc2.storyboard; sourceTree = "<group>"; };
		2EB98C902C16F0C5002A69D9 /* Hello.app */ = {isa = PBXFileReference; explicitFileType = wrapper.application; includeInIndex = 0; path = Hello.app; sourceTree = BUILT_PRODUCTS_DIR; };
		2EB98C932C16F0C5002A69D9 /* AppDelegate.swift */ = {isa = PBXFileReference; lastKnownFileType = sourcecode.swift; path = AppDelegate.swift; sourceTree = "<group>"; };
		2EB98C952C16F0C5002A69D9 /* SceneDelegate.swift */ = {isa = PBXFileReference; lastKnownFileType = sourcecode.swift; path = SceneDelegate.swift; sourceTree = "<group>"; };
		2EB98C972C16F0C5002A69D9 /* ViewController.swift */ = {isa = PBXFileReference; lastKnownFileType = sourcecode.swift; path = ViewController.swift; sourceTree = "<group>"; };
		2EB98C9A2C16F0C5002A69D9 /* Base */ = {isa = PBXFileReference; lastKnownFileType = file.storyboard; name = Base; path = Base.lproj/StorybordRefNavigation.storyboard; sourceTree = "<group>"; };
		2EB98C9C2C16F0C6002A69D9 /* Assets.xcassets */ = {isa = PBXFileReference; lastKnownFileType = folder.assetcatalog; path = Assets.xcassets; sourceTree = "<group>"; };
		2EB98C9F2C16F0C6002A69D9 /* Base */ = {isa = PBXFileReference; lastKnownFileType = file.storyboard; name = Base; path = Base.lproj/LaunchScreen.storyboard; sourceTree = "<group>"; };
		2EB98CA12C16F0C6002A69D9 /* Info.plist */ = {isa = PBXFileReference; lastKnownFileType = text.plist.xml; path = Info.plist; sourceTree = "<group>"; };
		2ED870A22C46C4F100DF7BB9 /* TableViewController.swift */ = {isa = PBXFileReference; lastKnownFileType = sourcecode.swift; path = TableViewController.swift; sourceTree = "<group>"; };
		2ED870A42C46C4FD00DF7BB9 /* TableView.storyboard */ = {isa = PBXFileReference; lastKnownFileType = file.storyboard; path = TableView.storyboard; sourceTree = "<group>"; };
		2ED870A62C48F7F000DF7BB9 /* QuizView.storyboard */ = {isa = PBXFileReference; lastKnownFileType = file.storyboard; path = QuizView.storyboard; sourceTree = "<group>"; };
		2ED870A82C48F7F800DF7BB9 /* QuizViewController.swift */ = {isa = PBXFileReference; lastKnownFileType = sourcecode.swift; path = QuizViewController.swift; sourceTree = "<group>"; };
		2EF254F02C2B287600A7A54B /* Main.storyboard */ = {isa = PBXFileReference; lastKnownFileType = file.storyboard; path = Main.storyboard; sourceTree = "<group>"; };
		2EF254F32C2D965000A7A54B /* ScrollNavigation.storyboard */ = {isa = PBXFileReference; lastKnownFileType = file.storyboard; path = ScrollNavigation.storyboard; sourceTree = "<group>"; };
		2EF254FD2C30249E00A7A54B /* StackView.storyboard */ = {isa = PBXFileReference; lastKnownFileType = file.storyboard; path = StackView.storyboard; sourceTree = "<group>"; };
/* End PBXFileReference section */

/* Begin PBXFrameworksBuildPhase section */
		2EB98C8D2C16F0C5002A69D9 /* Frameworks */ = {
			isa = PBXFrameworksBuildPhase;
			buildActionMask = 2147483647;
			files = (
			);
			runOnlyForDeploymentPostprocessing = 0;
		};
/* End PBXFrameworksBuildPhase section */

/* Begin PBXGroup section */
		2E43F54A2C34636D0029DDB7 /* Quiz */ = {
			isa = PBXGroup;
			children = (
				2ED870A62C48F7F000DF7BB9 /* QuizView.storyboard */,
				2ED870A82C48F7F800DF7BB9 /* QuizViewController.swift */,
			);
			path = Quiz;
			sourceTree = "<group>";
		};
		2E62E9302C3D9397006C05AE /* Hello6 */ = {
			isa = PBXGroup;
			children = (
				2E62E9312C3D93AC006C05AE /* Hello6View.storyboard */,
				2E62E9332C3D99BD006C05AE /* Hello6ViewController.swift */,
			);
			path = Hello6;
			sourceTree = "<group>";
		};
		2E62E9352C3EEC60006C05AE /* SNS */ = {
			isa = PBXGroup;
			children = (
				2E62E9362C3EEC7A006C05AE /* SNSView.storyboard */,
				2E62E9382C3EEC95006C05AE /* SNSViewController.swift */,
			);
			path = SNS;
			sourceTree = "<group>";
		};
		2E62E93A2C3F05B3006C05AE /* Camera */ = {
			isa = PBXGroup;
			children = (
				2E62E93B2C3F05C2006C05AE /* CameraViewController.swift */,
				2E62E93D2C3F05CA006C05AE /* CameraView.storyboard */,
			);
			path = Camera;
			sourceTree = "<group>";
		};
		2EAC67372C3303B800018344 /* CodeConstrains */ = {
			isa = PBXGroup;
			children = (
			);
			path = CodeConstrains;
			sourceTree = "<group>";
		};
		2EB98C872C16F0C5002A69D9 = {
			isa = PBXGroup;
			children = (
				2EB98C922C16F0C5002A69D9 /* Hello */,
				2EB98C912C16F0C5002A69D9 /* Products */,
			);
			sourceTree = "<group>";
		};
		2EB98C912C16F0C5002A69D9 /* Products */ = {
			isa = PBXGroup;
			children = (
				2EB98C902C16F0C5002A69D9 /* Hello.app */,
			);
			name = Products;
			sourceTree = "<group>";
		};
		2EB98C922C16F0C5002A69D9 /* Hello */ = {
			isa = PBXGroup;
			children = (
				2ED870A12C46C4D800DF7BB9 /* Table */,
				2E62E93A2C3F05B3006C05AE /* Camera */,
				2E62E9352C3EEC60006C05AE /* SNS */,
				2E62E9302C3D9397006C05AE /* Hello6 */,
				2E43F54A2C34636D0029DDB7 /* Quiz */,
				2EAC67372C3303B800018344 /* CodeConstrains */,
				2EF254F22C2D962500A7A54B /* Scroll */,
				2EB98C932C16F0C5002A69D9 /* AppDelegate.swift */,
				2EB98C952C16F0C5002A69D9 /* SceneDelegate.swift */,
				2EB98C972C16F0C5002A69D9 /* ViewController.swift */,
				2EF254EF2C2B1DFA00A7A54B /* StorybordRef */,
				2EB98C9C2C16F0C6002A69D9 /* Assets.xcassets */,
				2EF254FC2C30247600A7A54B /* Stack */,
				2EB98CA12C16F0C6002A69D9 /* Info.plist */,
				2EF254F02C2B287600A7A54B /* Main.storyboard */,
				2EB98C9E2C16F0C6002A69D9 /* LaunchScreen.storyboard */,
			);
			path = Hello;
			sourceTree = "<group>";
		};
		2ED870A12C46C4D800DF7BB9 /* Table */ = {
			isa = PBXGroup;
			children = (
				2ED870A22C46C4F100DF7BB9 /* TableViewController.swift */,
				2ED870A42C46C4FD00DF7BB9 /* TableView.storyboard */,
			);
			path = Table;
			sourceTree = "<group>";
		};
		2EF254EF2C2B1DFA00A7A54B /* StorybordRef */ = {
			isa = PBXGroup;
			children = (
				2EB98C992C16F0C5002A69D9 /* StorybordRefNavigation.storyboard */,
				2EAC3D1B2C2744B5008459E5 /* Sc1.storyboard */,
				2EAC3D1D2C2744C5008459E5 /* Sc2.storyboard */,
			);
			path = StorybordRef;
			sourceTree = "<group>";
		};
		2EF254F22C2D962500A7A54B /* Scroll */ = {
			isa = PBXGroup;
			children = (
				2EF254F32C2D965000A7A54B /* ScrollNavigation.storyboard */,
			);
			path = Scroll;
			sourceTree = "<group>";
		};
		2EF254FC2C30247600A7A54B /* Stack */ = {
			isa = PBXGroup;
			children = (
				2EF254FD2C30249E00A7A54B /* StackView.storyboard */,
			);
			path = Stack;
			sourceTree = "<group>";
		};
/* End PBXGroup section */

/* Begin PBXNativeTarget section */
		2EB98C8F2C16F0C5002A69D9 /* Hello */ = {
			isa = PBXNativeTarget;
			buildConfigurationList = 2EB98CA42C16F0C6002A69D9 /* Build configuration list for PBXNativeTarget "Hello" */;
			buildPhases = (
				2EB98C8C2C16F0C5002A69D9 /* Sources */,
				2EB98C8D2C16F0C5002A69D9 /* Frameworks */,
				2EB98C8E2C16F0C5002A69D9 /* Resources */,
			);
			buildRules = (
			);
			dependencies = (
			);
			name = Hello;
			productName = Hello;
			productReference = 2EB98C902C16F0C5002A69D9 /* Hello.app */;
			productType = "com.apple.product-type.application";
		};
/* End PBXNativeTarget section */

/* Begin PBXProject section */
		2EB98C882C16F0C5002A69D9 /* Project object */ = {
			isa = PBXProject;
			attributes = {
				BuildIndependentTargetsInParallel = 1;
				LastSwiftUpdateCheck = 1540;
				LastUpgradeCheck = 1540;
				TargetAttributes = {
					2EB98C8F2C16F0C5002A69D9 = {
						CreatedOnToolsVersion = 15.4;
					};
				};
			};
			buildConfigurationList = 2EB98C8B2C16F0C5002A69D9 /* Build configuration list for PBXProject "Hello" */;
			compatibilityVersion = "Xcode 14.0";
			developmentRegion = en;
			hasScannedForEncodings = 0;
			knownRegions = (
				en,
				Base,
			);
			mainGroup = 2EB98C872C16F0C5002A69D9;
			productRefGroup = 2EB98C912C16F0C5002A69D9 /* Products */;
			projectDirPath = "";
			projectRoot = "";
			targets = (
				2EB98C8F2C16F0C5002A69D9 /* Hello */,
			);
		};
/* End PBXProject section */

/* Begin PBXResourcesBuildPhase section */
		2EB98C8E2C16F0C5002A69D9 /* Resources */ = {
			isa = PBXResourcesBuildPhase;
			buildActionMask = 2147483647;
			files = (
				2E62E93E2C3F05CA006C05AE /* CameraView.storyboard in Resources */,
				2EB98C9D2C16F0C6002A69D9 /* Assets.xcassets in Resources */,
				2EAC3D1C2C2744B5008459E5 /* Sc1.storyboard in Resources */,
				2ED870A52C46C4FD00DF7BB9 /* TableView.storyboard in Resources */,
				2E62E9322C3D93AC006C05AE /* Hello6View.storyboard in Resources */,
				2EB98CA02C16F0C6002A69D9 /* Base in Resources */,
				2EF254F12C2B287600A7A54B /* Main.storyboard in Resources */,
				2EF254FE2C30249E00A7A54B /* StackView.storyboard in Resources */,
				2ED870A72C48F7F000DF7BB9 /* QuizView.storyboard in Resources */,
				2EB98C9B2C16F0C5002A69D9 /* Base in Resources */,
				2E62E9372C3EEC7A006C05AE /* SNSView.storyboard in Resources */,
				2EAC3D1E2C2744C5008459E5 /* Sc2.storyboard in Resources */,
				2EF254F42C2D965000A7A54B /* ScrollNavigation.storyboard in Resources */,
			);
			runOnlyForDeploymentPostprocessing = 0;
		};
/* End PBXResourcesBuildPhase section */

/* Begin PBXSourcesBuildPhase section */
		2EB98C8C2C16F0C5002A69D9 /* Sources */ = {
			isa = PBXSourcesBuildPhase;
			buildActionMask = 2147483647;
			files = (
				2EB98C982C16F0C5002A69D9 /* ViewController.swift in Sources */,
				2EB98C942C16F0C5002A69D9 /* AppDelegate.swift in Sources */,
				2E62E9342C3D99BD006C05AE /* Hello6ViewController.swift in Sources */,
				2ED870A92C48F7F800DF7BB9 /* QuizViewController.swift in Sources */,
				2ED870A32C46C4F100DF7BB9 /* TableViewController.swift in Sources */,
				2E62E9392C3EEC95006C05AE /* SNSViewController.swift in Sources */,
				2EB98C962C16F0C5002A69D9 /* SceneDelegate.swift in Sources */,
				2E62E93C2C3F05C2006C05AE /* CameraViewController.swift in Sources */,
			);
			runOnlyForDeploymentPostprocessing = 0;
		};
/* End PBXSourcesBuildPhase section */

/* Begin PBXVariantGroup section */
		2EB98C992C16F0C5002A69D9 /* StorybordRefNavigation.storyboard */ = {
			isa = PBXVariantGroup;
			children = (
				2EB98C9A2C16F0C5002A69D9 /* Base */,
			);
			name = StorybordRefNavigation.storyboard;
			sourceTree = "<group>";
		};
		2EB98C9E2C16F0C6002A69D9 /* LaunchScreen.storyboard */ = {
			isa = PBXVariantGroup;
			children = (
				2EB98C9F2C16F0C6002A69D9 /* Base */,
			);
			name = LaunchScreen.storyboard;
			sourceTree = "<group>";
		};
/* End PBXVariantGroup section */

/* Begin XCBuildConfiguration section */
		2EB98CA22C16F0C6002A69D9 /* Debug */ = {
			isa = XCBuildConfiguration;
			buildSettings = {
				ALWAYS_SEARCH_USER_PATHS = NO;
				ASSETCATALOG_COMPILER_GENERATE_SWIFT_ASSET_SYMBOL_EXTENSIONS = YES;
				CLANG_ANALYZER_NONNULL = YES;
				CLANG_ANALYZER_NUMBER_OBJECT_CONVERSION = YES_AGGRESSIVE;
				CLANG_CXX_LANGUAGE_STANDARD = "gnu++20";
				CLANG_ENABLE_MODULES = YES;
				CLANG_ENABLE_OBJC_ARC = YES;
				CLANG_ENABLE_OBJC_WEAK = YES;
				CLANG_WARN_BLOCK_CAPTURE_AUTORELEASING = YES;
				CLANG_WARN_BOOL_CONVERSION = YES;
				CLANG_WARN_COMMA = YES;
				CLANG_WARN_CONSTANT_CONVERSION = YES;
				CLANG_WARN_DEPRECATED_OBJC_IMPLEMENTATIONS = YES;
				CLANG_WARN_DIRECT_OBJC_ISA_USAGE = YES_ERROR;
				CLANG_WARN_DOCUMENTATION_COMMENTS = YES;
				CLANG_WARN_EMPTY_BODY = YES;
				CLANG_WARN_ENUM_CONVERSION = YES;
				CLANG_WARN_INFINITE_RECURSION = YES;
				CLANG_WARN_INT_CONVERSION = YES;
				CLANG_WARN_NON_LITERAL_NULL_CONVERSION = YES;
				CLANG_WARN_OBJC_IMPLICIT_RETAIN_SELF = YES;
				CLANG_WARN_OBJC_LITERAL_CONVERSION = YES;
				CLANG_WARN_OBJC_ROOT_CLASS = YES_ERROR;
				CLANG_WARN_QUOTED_INCLUDE_IN_FRAMEWORK_HEADER = YES;
				CLANG_WARN_RANGE_LOOP_ANALYSIS = YES;
				CLANG_WARN_STRICT_PROTOTYPES = YES;
				CLANG_WARN_SUSPICIOUS_MOVE = YES;
				CLANG_WARN_UNGUARDED_AVAILABILITY = YES_AGGRESSIVE;
				CLANG_WARN_UNREACHABLE_CODE = YES;
				CLANG_WARN__DUPLICATE_METHOD_MATCH = YES;
				COPY_PHASE_STRIP = NO;
				DEBUG_INFORMATION_FORMAT = dwarf;
				ENABLE_STRICT_OBJC_MSGSEND = YES;
				ENABLE_TESTABILITY = YES;
				ENABLE_USER_SCRIPT_SANDBOXING = YES;
				GCC_C_LANGUAGE_STANDARD = gnu17;
				GCC_DYNAMIC_NO_PIC = NO;
				GCC_NO_COMMON_BLOCKS = YES;
				GCC_OPTIMIZATION_LEVEL = 0;
				GCC_PREPROCESSOR_DEFINITIONS = (
					"DEBUG=1",
					"$(inherited)",
				);
				GCC_WARN_64_TO_32_BIT_CONVERSION = YES;
				GCC_WARN_ABOUT_RETURN_TYPE = YES_ERROR;
				GCC_WARN_UNDECLARED_SELECTOR = YES;
				GCC_WARN_UNINITIALIZED_AUTOS = YES_AGGRESSIVE;
				GCC_WARN_UNUSED_FUNCTION = YES;
				GCC_WARN_UNUSED_VARIABLE = YES;
				IPHONEOS_DEPLOYMENT_TARGET = 17.5;
				LOCALIZATION_PREFERS_STRING_CATALOGS = YES;
				MTL_ENABLE_DEBUG_INFO = INCLUDE_SOURCE;
				MTL_FAST_MATH = YES;
				ONLY_ACTIVE_ARCH = YES;
				SDKROOT = iphoneos;
				SWIFT_ACTIVE_COMPILATION_CONDITIONS = "DEBUG $(inherited)";
				SWIFT_OPTIMIZATION_LEVEL = "-Onone";
			};
			name = Debug;
		};
		2EB98CA32C16F0C6002A69D9 /* Release */ = {
			isa = XCBuildConfiguration;
			buildSettings = {
				ALWAYS_SEARCH_USER_PATHS = NO;
				ASSETCATALOG_COMPILER_GENERATE_SWIFT_ASSET_SYMBOL_EXTENSIONS = YES;
				CLANG_ANALYZER_NONNULL = YES;
				CLANG_ANALYZER_NUMBER_OBJECT_CONVERSION = YES_AGGRESSIVE;
				CLANG_CXX_LANGUAGE_STANDARD = "gnu++20";
				CLANG_ENABLE_MODULES = YES;
				CLANG_ENABLE_OBJC_ARC = YES;
				CLANG_ENABLE_OBJC_WEAK = YES;
				CLANG_WARN_BLOCK_CAPTURE_AUTORELEASING = YES;
				CLANG_WARN_BOOL_CONVERSION = YES;
				CLANG_WARN_COMMA = YES;
				CLANG_WARN_CONSTANT_CONVERSION = YES;
				CLANG_WARN_DEPRECATED_OBJC_IMPLEMENTATIONS = YES;
				CLANG_WARN_DIRECT_OBJC_ISA_USAGE = YES_ERROR;
				CLANG_WARN_DOCUMENTATION_COMMENTS = YES;
				CLANG_WARN_EMPTY_BODY = YES;
				CLANG_WARN_ENUM_CONVERSION = YES;
				CLANG_WARN_INFINITE_RECURSION = YES;
				CLANG_WARN_INT_CONVERSION = YES;
				CLANG_WARN_NON_LITERAL_NULL_CONVERSION = YES;
				CLANG_WARN_OBJC_IMPLICIT_RETAIN_SELF = YES;
				CLANG_WARN_OBJC_LITERAL_CONVERSION = YES;
				CLANG_WARN_OBJC_ROOT_CLASS = YES_ERROR;
				CLANG_WARN_QUOTED_INCLUDE_IN_FRAMEWORK_HEADER = YES;
				CLANG_WARN_RANGE_LOOP_ANALYSIS = YES;
				CLANG_WARN_STRICT_PROTOTYPES = YES;
				CLANG_WARN_SUSPICIOUS_MOVE = YES;
				CLANG_WARN_UNGUARDED_AVAILABILITY = YES_AGGRESSIVE;
				CLANG_WARN_UNREACHABLE_CODE = YES;
				CLANG_WARN__DUPLICATE_METHOD_MATCH = YES;
				COPY_PHASE_STRIP = NO;
				DEBUG_INFORMATION_FORMAT = "dwarf-with-dsym";
				ENABLE_NS_ASSERTIONS = NO;
				ENABLE_STRICT_OBJC_MSGSEND = YES;
				ENABLE_USER_SCRIPT_SANDBOXING = YES;
				GCC_C_LANGUAGE_STANDARD = gnu17;
				GCC_NO_COMMON_BLOCKS = YES;
				GCC_WARN_64_TO_32_BIT_CONVERSION = YES;
				GCC_WARN_ABOUT_RETURN_TYPE = YES_ERROR;
				GCC_WARN_UNDECLARED_SELECTOR = YES;
				GCC_WARN_UNINITIALIZED_AUTOS = YES_AGGRESSIVE;
				GCC_WARN_UNUSED_FUNCTION = YES;
				GCC_WARN_UNUSED_VARIABLE = YES;
				IPHONEOS_DEPLOYMENT_TARGET = 17.5;
				LOCALIZATION_PREFERS_STRING_CATALOGS = YES;
				MTL_ENABLE_DEBUG_INFO = NO;
				MTL_FAST_MATH = YES;
				SDKROOT = iphoneos;
				SWIFT_COMPILATION_MODE = wholemodule;
				VALIDATE_PRODUCT = YES;
			};
			name = Release;
		};
		2EB98CA52C16F0C6002A69D9 /* Debug */ = {
			isa = XCBuildConfiguration;
			buildSettings = {
				ASSETCATALOG_COMPILER_APPICON_NAME = AppIcon;
				ASSETCATALOG_COMPILER_GLOBAL_ACCENT_COLOR_NAME = AccentColor;
				CODE_SIGN_STYLE = Automatic;
				CURRENT_PROJECT_VERSION = 1;
				DEVELOPMENT_TEAM = DC796ZJULC;
				GENERATE_INFOPLIST_FILE = YES;
				INFOPLIST_FILE = Hello/Info.plist;
				INFOPLIST_KEY_UIApplicationSupportsIndirectInputEvents = YES;
				INFOPLIST_KEY_UILaunchStoryboardName = LaunchScreen;
				INFOPLIST_KEY_UIMainStoryboardFile = Main;
				INFOPLIST_KEY_UISupportedInterfaceOrientations_iPad = "UIInterfaceOrientationPortrait UIInterfaceOrientationPortraitUpsideDown UIInterfaceOrientationLandscapeLeft UIInterfaceOrientationLandscapeRight";
				INFOPLIST_KEY_UISupportedInterfaceOrientations_iPhone = "UIInterfaceOrientationPortrait UIInterfaceOrientationLandscapeLeft UIInterfaceOrientationLandscapeRight";
				LD_RUNPATH_SEARCH_PATHS = (
					"$(inherited)",
					"@executable_path/Frameworks",
				);
				MARKETING_VERSION = 1.0;
				PRODUCT_BUNDLE_IDENTIFIER = com.gmail.sarayou27314.Hello;
				PRODUCT_NAME = "$(TARGET_NAME)";
				SWIFT_EMIT_LOC_STRINGS = YES;
				SWIFT_VERSION = 5.0;
				TARGETED_DEVICE_FAMILY = "1,2";
			};
			name = Debug;
		};
		2EB98CA62C16F0C6002A69D9 /* Release */ = {
			isa = XCBuildConfiguration;
			buildSettings = {
				ASSETCATALOG_COMPILER_APPICON_NAME = AppIcon;
				ASSETCATALOG_COMPILER_GLOBAL_ACCENT_COLOR_NAME = AccentColor;
				CODE_SIGN_STYLE = Automatic;
				CURRENT_PROJECT_VERSION = 1;
				DEVELOPMENT_TEAM = DC796ZJULC;
				GENERATE_INFOPLIST_FILE = YES;
				INFOPLIST_FILE = Hello/Info.plist;
				INFOPLIST_KEY_UIApplicationSupportsIndirectInputEvents = YES;
				INFOPLIST_KEY_UILaunchStoryboardName = LaunchScreen;
				INFOPLIST_KEY_UIMainStoryboardFile = Main;
				INFOPLIST_KEY_UISupportedInterfaceOrientations_iPad = "UIInterfaceOrientationPortrait UIInterfaceOrientationPortraitUpsideDown UIInterfaceOrientationLandscapeLeft UIInterfaceOrientationLandscapeRight";
				INFOPLIST_KEY_UISupportedInterfaceOrientations_iPhone = "UIInterfaceOrientationPortrait UIInterfaceOrientationLandscapeLeft UIInterfaceOrientationLandscapeRight";
				LD_RUNPATH_SEARCH_PATHS = (
					"$(inherited)",
					"@executable_path/Frameworks",
				);
				MARKETING_VERSION = 1.0;
				PRODUCT_BUNDLE_IDENTIFIER = com.gmail.sarayou27314.Hello;
				PRODUCT_NAME = "$(TARGET_NAME)";
				SWIFT_EMIT_LOC_STRINGS = YES;
				SWIFT_VERSION = 5.0;
				TARGETED_DEVICE_FAMILY = "1,2";
			};
			name = Release;
		};
/* End XCBuildConfiguration section */

/* Begin XCConfigurationList section */
		2EB98C8B2C16F0C5002A69D9 /* Build configuration list for PBXProject "Hello" */ = {
			isa = XCConfigurationList;
			buildConfigurations = (
				2EB98CA22C16F0C6002A69D9 /* Debug */,
				2EB98CA32C16F0C6002A69D9 /* Release */,
			);
			defaultConfigurationIsVisible = 0;
			defaultConfigurationName = Release;
		};
		2EB98CA42C16F0C6002A69D9 /* Build configuration list for PBXNativeTarget "Hello" */ = {
			isa = XCConfigurationList;
			buildConfigurations = (
				2EB98CA52C16F0C6002A69D9 /* Debug */,
				2EB98CA62C16F0C6002A69D9 /* Release */,
			);
			defaultConfigurationIsVisible = 0;
			defaultConfigurationName = Release;
		};
/* End XCConfigurationList section */
	};
	rootObject = 2EB98C882C16F0C5002A69D9 /* Project object */;
}
